// !$*UTF8*$!
{
	archiveVersion = 1;
	classes = {
	};
	objectVersion = 46;
	objects = {

/* Begin PBXBuildFile section */
		5216F5341CE1D42600EB2B85 /* main.m in Sources */ = {isa = PBXBuildFile; fileRef = 5216F5331CE1D42600EB2B85 /* main.m */; };
		5216F5371CE1D42600EB2B85 /* AppDelegate.m in Sources */ = {isa = PBXBuildFile; fileRef = 5216F5361CE1D42600EB2B85 /* AppDelegate.m */; };
		5216F53A1CE1D42600EB2B85 /* ViewController.m in Sources */ = {isa = PBXBuildFile; fileRef = 5216F5391CE1D42600EB2B85 /* ViewController.m */; };
		5216F53D1CE1D42600EB2B85 /* Main.storyboard in Resources */ = {isa = PBXBuildFile; fileRef = 5216F53B1CE1D42600EB2B85 /* Main.storyboard */; };
		5216F53F1CE1D42600EB2B85 /* Assets.xcassets in Resources */ = {isa = PBXBuildFile; fileRef = 5216F53E1CE1D42600EB2B85 /* Assets.xcassets */; };
		5216F5421CE1D42600EB2B85 /* LaunchScreen.storyboard in Resources */ = {isa = PBXBuildFile; fileRef = 5216F5401CE1D42600EB2B85 /* LaunchScreen.storyboard */; };
		5216F54D1CE1D42600EB2B85 /* GooMapTestTests.m in Sources */ = {isa = PBXBuildFile; fileRef = 5216F54C1CE1D42600EB2B85 /* GooMapTestTests.m */; };
		5216F5581CE1D42600EB2B85 /* GooMapTestUITests.m in Sources */ = {isa = PBXBuildFile; fileRef = 5216F5571CE1D42600EB2B85 /* GooMapTestUITests.m */; };
/* End PBXBuildFile section */

/* Begin PBXContainerItemProxy section */
		5216F5491CE1D42600EB2B85 /* PBXContainerItemProxy */ = {
			isa = PBXContainerItemProxy;
			containerPortal = 5216F5271CE1D42600EB2B85 /* Project object */;
			proxyType = 1;
			remoteGlobalIDString = 5216F52E1CE1D42600EB2B85;
			remoteInfo = GooMapTest;
		};
		5216F5541CE1D42600EB2B85 /* PBXContainerItemProxy */ = {
			isa = PBXContainerItemProxy;
			containerPortal = 5216F5271CE1D42600EB2B85 /* Project object */;
			proxyType = 1;
			remoteGlobalIDString = 5216F52E1CE1D42600EB2B85;
			remoteInfo = GooMapTest;
		};
/* End PBXContainerItemProxy section */

/* Begin PBXFileReference section */
		5216F52F1CE1D42600EB2B85 /* GooMapTest.app */ = {isa = PBXFileReference; explicitFileType = wrapper.application; includeInIndex = 0; path = GooMapTest.app; sourceTree = BUILT_PRODUCTS_DIR; };
		5216F5331CE1D42600EB2B85 /* main.m */ = {isa = PBXFileReference; lastKnownFileType = sourcecode.c.objc; path = main.m; sourceTree = "<group>"; };
		5216F5351CE1D42600EB2B85 /* AppDelegate.h */ = {isa = PBXFileReference; lastKnownFileType = sourcecode.c.h; path = AppDelegate.h; sourceTree = "<group>"; };
		5216F5361CE1D42600EB2B85 /* AppDelegate.m */ = {isa = PBXFileReference; lastKnownFileType = sourcecode.c.objc; path = AppDelegate.m; sourceTree = "<group>"; };
		5216F5381CE1D42600EB2B85 /* ViewController.h */ = {isa = PBXFileReference; lastKnownFileType = sourcecode.c.h; path = ViewController.h; sourceTree = "<group>"; };
		5216F5391CE1D42600EB2B85 /* ViewController.m */ = {isa = PBXFileReference; lastKnownFileType = sourcecode.c.objc; path = ViewController.m; sourceTree = "<group>"; };
		5216F53C1CE1D42600EB2B85 /* Base */ = {isa = PBXFileReference; lastKnownFileType = file.storyboard; name = Base; path = Base.lproj/Main.storyboard; sourceTree = "<group>"; };
		5216F53E1CE1D42600EB2B85 /* Assets.xcassets */ = {isa = PBXFileReference; lastKnownFileType = folder.assetcatalog; path = Assets.xcassets; sourceTree = "<group>"; };
		5216F5411CE1D42600EB2B85 /* Base */ = {isa = PBXFileReference; lastKnownFileType = file.storyboard; name = Base; path = Base.lproj/LaunchScreen.storyboard; sourceTree = "<group>"; };
		5216F5431CE1D42600EB2B85 /* Info.plist */ = {isa = PBXFileReference; lastKnownFileType = text.plist.xml; path = Info.plist; sourceTree = "<group>"; };
		5216F5481CE1D42600EB2B85 /* GooMapTestTests.xctest */ = {isa = PBXFileReference; explicitFileType = wrapper.cfbundle; includeInIndex = 0; path = GooMapTestTests.xctest; sourceTree = BUILT_PRODUCTS_DIR; };
		5216F54C1CE1D42600EB2B85 /* GooMapTestTests.m */ = {isa = PBXFileReference; lastKnownFileType = sourcecode.c.objc; path = GooMapTestTests.m; sourceTree = "<group>"; };
		5216F54E1CE1D42600EB2B85 /* Info.plist */ = {isa = PBXFileReference; lastKnownFileType = text.plist.xml; path = Info.plist; sourceTree = "<group>"; };
		5216F5531CE1D42600EB2B85 /* GooMapTestUITests.xctest */ = {isa = PBXFileReference; explicitFileType = wrapper.cfbundle; includeInIndex = 0; path = GooMapTestUITests.xctest; sourceTree = BUILT_PRODUCTS_DIR; };
		5216F5571CE1D42600EB2B85 /* GooMapTestUITests.m */ = {isa = PBXFileReference; lastKnownFileType = sourcecode.c.objc; path = GooMapTestUITests.m; sourceTree = "<group>"; };
		5216F5591CE1D42600EB2B85 /* Info.plist */ = {isa = PBXFileReference; lastKnownFileType = text.plist.xml; path = Info.plist; sourceTree = "<group>"; };
/* End PBXFileReference section */

/* Begin PBXFrameworksBuildPhase section */
		5216F52C1CE1D42600EB2B85 /* Frameworks */ = {
			isa = PBXFrameworksBuildPhase;
			buildActionMask = 2147483647;
			files = (
			);
			runOnlyForDeploymentPostprocessing = 0;
		};
		5216F5451CE1D42600EB2B85 /* Frameworks */ = {
			isa = PBXFrameworksBuildPhase;
			buildActionMask = 2147483647;
			files = (
			);
			runOnlyForDeploymentPostprocessing = 0;
		};
		5216F5501CE1D42600EB2B85 /* Frameworks */ = {
			isa = PBXFrameworksBuildPhase;
			buildActionMask = 2147483647;
			files = (
			);
			runOnlyForDeploymentPostprocessing = 0;
		};
/* End PBXFrameworksBuildPhase section */

/* Begin PBXGroup section */
		5216F5261CE1D42600EB2B85 = {
			isa = PBXGroup;
			children = (
				5216F5311CE1D42600EB2B85 /* GooMapTest */,
				5216F54B1CE1D42600EB2B85 /* GooMapTestTests */,
				5216F5561CE1D42600EB2B85 /* GooMapTestUITests */,
				5216F5301CE1D42600EB2B85 /* Products */,
			);
			sourceTree = "<group>";
		};
		5216F5301CE1D42600EB2B85 /* Products */ = {
			isa = PBXGroup;
			children = (
				5216F52F1CE1D42600EB2B85 /* GooMapTest.app */,
				5216F5481CE1D42600EB2B85 /* GooMapTestTests.xctest */,
				5216F5531CE1D42600EB2B85 /* GooMapTestUITests.xctest */,
			);
			name = Products;
			sourceTree = "<group>";
		};
		5216F5311CE1D42600EB2B85 /* GooMapTest */ = {
			isa = PBXGroup;
			children = (
				5216F5351CE1D42600EB2B85 /* AppDelegate.h */,
				5216F5361CE1D42600EB2B85 /* AppDelegate.m */,
				5216F5381CE1D42600EB2B85 /* ViewController.h */,
				5216F5391CE1D42600EB2B85 /* ViewController.m */,
				5216F53B1CE1D42600EB2B85 /* Main.storyboard */,
				5216F53E1CE1D42600EB2B85 /* Assets.xcassets */,
				5216F5401CE1D42600EB2B85 /* LaunchScreen.storyboard */,
				5216F5431CE1D42600EB2B85 /* Info.plist */,
				5216F5321CE1D42600EB2B85 /* Supporting Files */,
			);
			path = GooMapTest;
			sourceTree = "<group>";
		};
		5216F5321CE1D42600EB2B85 /* Supporting Files */ = {
			isa = PBXGroup;
			children = (
				5216F5331CE1D42600EB2B85 /* main.m */,
			);
			name = "Supporting Files";
			sourceTree = "<group>";
		};
		5216F54B1CE1D42600EB2B85 /* GooMapTestTests */ = {
			isa = PBXGroup;
			children = (
				5216F54C1CE1D42600EB2B85 /* GooMapTestTests.m */,
				5216F54E1CE1D42600EB2B85 /* Info.plist */,
			);
			path = GooMapTestTests;
			sourceTree = "<group>";
		};
		5216F5561CE1D42600EB2B85 /* GooMapTestUITests */ = {
			isa = PBXGroup;
			children = (
				5216F5571CE1D42600EB2B85 /* GooMapTestUITests.m */,
				5216F5591CE1D42600EB2B85 /* Info.plist */,
			);
			path = GooMapTestUITests;
			sourceTree = "<group>";
		};
/* End PBXGroup section */

/* Begin PBXNativeTarget section */
		5216F52E1CE1D42600EB2B85 /* GooMapTest */ = {
			isa = PBXNativeTarget;
			buildConfigurationList = 5216F55C1CE1D42600EB2B85 /* Build configuration list for PBXNativeTarget "GooMapTest" */;
			buildPhases = (
				5216F52B1CE1D42600EB2B85 /* Sources */,
				5216F52C1CE1D42600EB2B85 /* Frameworks */,
				5216F52D1CE1D42600EB2B85 /* Resources */,
			);
			buildRules = (
			);
			dependencies = (
			);
			name = GooMapTest;
			productName = GooMapTest;
			productReference = 5216F52F1CE1D42600EB2B85 /* GooMapTest.app */;
			productType = "com.apple.product-type.application";
		};
		5216F5471CE1D42600EB2B85 /* GooMapTestTests */ = {
			isa = PBXNativeTarget;
			buildConfigurationList = 5216F55F1CE1D42600EB2B85 /* Build configuration list for PBXNativeTarget "GooMapTestTests" */;
			buildPhases = (
				5216F5441CE1D42600EB2B85 /* Sources */,
				5216F5451CE1D42600EB2B85 /* Frameworks */,
				5216F5461CE1D42600EB2B85 /* Resources */,
			);
			buildRules = (
			);
			dependencies = (
				5216F54A1CE1D42600EB2B85 /* PBXTargetDependency */,
			);
			name = GooMapTestTests;
			productName = GooMapTestTests;
			productReference = 5216F5481CE1D42600EB2B85 /* GooMapTestTests.xctest */;
			productType = "com.apple.product-type.bundle.unit-test";
		};
		5216F5521CE1D42600EB2B85 /* GooMapTestUITests */ = {
			isa = PBXNativeTarget;
			buildConfigurationList = 5216F5621CE1D42600EB2B85 /* Build configuration list for PBXNativeTarget "GooMapTestUITests" */;
			buildPhases = (
				5216F54F1CE1D42600EB2B85 /* Sources */,
				5216F5501CE1D42600EB2B85 /* Frameworks */,
				5216F5511CE1D42600EB2B85 /* Resources */,
			);
			buildRules = (
			);
			dependencies = (
				5216F5551CE1D42600EB2B85 /* PBXTargetDependency */,
			);
			name = GooMapTestUITests;
			productName = GooMapTestUITests;
			productReference = 5216F5531CE1D42600EB2B85 /* GooMapTestUITests.xctest */;
			productType = "com.apple.product-type.bundle.ui-testing";
		};
/* End PBXNativeTarget section */

/* Begin PBXProject section */
		5216F5271CE1D42600EB2B85 /* Project object */ = {
			isa = PBXProject;
			attributes = {
				LastUpgradeCheck = 0720;
				ORGANIZATIONNAME = FZ;
				TargetAttributes = {
					5216F52E1CE1D42600EB2B85 = {
						CreatedOnToolsVersion = 7.2;
						DevelopmentTeam = 59D5DT52R8;
					};
					5216F5471CE1D42600EB2B85 = {
						CreatedOnToolsVersion = 7.2;
						DevelopmentTeam = 59D5DT52R8;
						TestTargetID = 5216F52E1CE1D42600EB2B85;
					};
					5216F5521CE1D42600EB2B85 = {
						CreatedOnToolsVersion = 7.2;
						DevelopmentTeam = 59D5DT52R8;
						TestTargetID = 5216F52E1CE1D42600EB2B85;
					};
				};
			};
			buildConfigurationList = 5216F52A1CE1D42600EB2B85 /* Build configuration list for PBXProject "GooMapTest" */;
			compatibilityVersion = "Xcode 3.2";
			developmentRegion = English;
			hasScannedForEncodings = 0;
			knownRegions = (
				en,
				Base,
			);
			mainGroup = 5216F5261CE1D42600EB2B85;
			productRefGroup = 5216F5301CE1D42600EB2B85 /* Products */;
			projectDirPath = "";
			projectRoot = "";
			targets = (
				5216F52E1CE1D42600EB2B85 /* GooMapTest */,
				5216F5471CE1D42600EB2B85 /* GooMapTestTests */,
				5216F5521CE1D42600EB2B85 /* GooMapTestUITests */,
			);
		};
/* End PBXProject section */

/* Begin PBXResourcesBuildPhase section */
		5216F52D1CE1D42600EB2B85 /* Resources */ = {
			isa = PBXResourcesBuildPhase;
			buildActionMask = 2147483647;
			files = (
				5216F5421CE1D42600EB2B85 /* LaunchScreen.storyboard in Resources */,
				5216F53F1CE1D42600EB2B85 /* Assets.xcassets in Resources */,
				5216F53D1CE1D42600EB2B85 /* Main.storyboard in Resources */,
			);
			runOnlyForDeploymentPostprocessing = 0;
		};
		5216F5461CE1D42600EB2B85 /* Resources */ = {
			isa = PBXResourcesBuildPhase;
			buildActionMask = 2147483647;
			files = (
			);
			runOnlyForDeploymentPostprocessing = 0;
		};
		5216F5511CE1D42600EB2B85 /* Resources */ = {
			isa = PBXResourcesBuildPhase;
			buildActionMask = 2147483647;
			files = (
			);
			runOnlyForDeploymentPostprocessing = 0;
		};
/* End PBXResourcesBuildPhase section */

/* Begin PBXSourcesBuildPhase section */
		5216F52B1CE1D42600EB2B85 /* Sources */ = {
			isa = PBXSourcesBuildPhase;
			buildActionMask = 2147483647;
			files = (
				5216F53A1CE1D42600EB2B85 /* ViewController.m in Sources */,
				5216F5371CE1D42600EB2B85 /* AppDelegate.m in Sources */,
				5216F5341CE1D42600EB2B85 /* main.m in Sources */,
			);
			runOnlyForDeploymentPostprocessing = 0;
		};
		5216F5441CE1D42600EB2B85 /* Sources */ = {
			isa = PBXSourcesBuildPhase;
			buildActionMask = 2147483647;
			files = (
				5216F54D1CE1D42600EB2B85 /* GooMapTestTests.m in Sources */,
			);
			runOnlyForDeploymentPostprocessing = 0;
		};
		5216F54F1CE1D42600EB2B85 /* Sources */ = {
			isa = PBXSourcesBuildPhase;
			buildActionMask = 2147483647;
			files = (
				5216F5581CE1D42600EB2B85 /* GooMapTestUITests.m in Sources */,
			);
			runOnlyForDeploymentPostprocessing = 0;
		};
/* End PBXSourcesBuildPhase section */

/* Begin PBXTargetDependency section */
		5216F54A1CE1D42600EB2B85 /* PBXTargetDependency */ = {
			isa = PBXTargetDependency;
			target = 5216F52E1CE1D42600EB2B85 /* GooMapTest */;
			targetProxy = 5216F5491CE1D42600EB2B85 /* PBXContainerItemProxy */;
		};
		5216F5551CE1D42600EB2B85 /* PBXTargetDependency */ = {
			isa = PBXTargetDependency;
			target = 5216F52E1CE1D42600EB2B85 /* GooMapTest */;
			targetProxy = 5216F5541CE1D42600EB2B85 /* PBXContainerItemProxy */;
		};
/* End PBXTargetDependency section */

/* Begin PBXVariantGroup section */
		5216F53B1CE1D42600EB2B85 /* Main.storyboard */ = {
			isa = PBXVariantGroup;
			children = (
				5216F53C1CE1D42600EB2B85 /* Base */,
			);
			name = Main.storyboard;
			sourceTree = "<group>";
		};
		5216F5401CE1D42600EB2B85 /* LaunchScreen.storyboard */ = {
			isa = PBXVariantGroup;
			children = (
				5216F5411CE1D42600EB2B85 /* Base */,
			);
			name = LaunchScreen.storyboard;
			sourceTree = "<group>";
		};
/* End PBXVariantGroup section */

/* Begin XCBuildConfiguration section */
		5216F55A1CE1D42600EB2B85 /* Debug */ = {
			isa = XCBuildConfiguration;
			buildSettings = {
				ALWAYS_SEARCH_USER_PATHS = NO;
				CLANG_CXX_LANGUAGE_STANDARD = "gnu++0x";
				CLANG_CXX_LIBRARY = "libc++";
				CLANG_ENABLE_MODULES = YES;
				CLANG_ENABLE_OBJC_ARC = YES;
				CLANG_WARN_BOOL_CONVERSION = YES;
				CLANG_WARN_CONSTANT_CONVERSION = YES;
				CLANG_WARN_DIRECT_OBJC_ISA_USAGE = YES_ERROR;
				CLANG_WARN_EMPTY_BODY = YES;
				CLANG_WARN_ENUM_CONVERSION = YES;
				CLANG_WARN_INT_CONVERSION = YES;
				CLANG_WARN_OBJC_ROOT_CLASS = YES_ERROR;
				CLANG_WARN_UNREACHABLE_CODE = YES;
				CLANG_WARN__DUPLICATE_METHOD_MATCH = YES;
				"CODE_SIGN_IDENTITY[sdk=iphoneos*]" = "iPhone Developer";
				COPY_PHASE_STRIP = NO;
				DEBUG_INFORMATION_FORMAT = dwarf;
				ENABLE_STRICT_OBJC_MSGSEND = YES;
				ENABLE_TESTABILITY = YES;
				GCC_C_LANGUAGE_STANDARD = gnu99;
				GCC_DYNAMIC_NO_PIC = NO;
				GCC_NO_COMMON_BLOCKS = YES;
				GCC_OPTIMIZATION_LEVEL = 0;
				GCC_PREPROCESSOR_DEFINITIONS = (
					"DEBUG=1",
					"$(inherited)",
				);
				GCC_WARN_64_TO_32_BIT_CONVERSION = YES;
				GCC_WARN_ABOUT_RETURN_TYPE = YES_ERROR;
				GCC_WARN_UNDECLARED_SELECTOR = YES;
				GCC_WARN_UNINITIALIZED_AUTOS = YES_AGGRESSIVE;
				GCC_WARN_UNUSED_FUNCTION = YES;
				GCC_WARN_UNUSED_VARIABLE = YES;
				IPHONEOS_DEPLOYMENT_TARGET = 9.2;
				MTL_ENABLE_DEBUG_INFO = YES;
				ONLY_ACTIVE_ARCH = YES;
				SDKROOT = iphoneos;
			};
			name = Debug;
		};
		5216F55B1CE1D42600EB2B85 /* Release */ = {
			isa = XCBuildConfiguration;
			buildSettings = {
				ALWAYS_SEARCH_USER_PATHS = NO;
				CLANG_CXX_LANGUAGE_STANDARD = "gnu++0x";
				CLANG_CXX_LIBRARY = "libc++";
				CLANG_ENABLE_MODULES = YES;
				CLANG_ENABLE_OBJC_ARC = YES;
				CLANG_WARN_BOOL_CONVERSION = YES;
				CLANG_WARN_CONSTANT_CONVERSION = YES;
				CLANG_WARN_DIRECT_OBJC_ISA_USAGE = YES_ERROR;
				CLANG_WARN_EMPTY_BODY = YES;
				CLANG_WARN_ENUM_CONVERSION = YES;
				CLANG_WARN_INT_CONVERSION = YES;
				CLANG_WARN_OBJC_ROOT_CLASS = YES_ERROR;
				CLANG_WARN_UNREACHABLE_CODE = YES;
				CLANG_WARN__DUPLICATE_METHOD_MATCH = YES;
				"CODE_SIGN_IDENTITY[sdk=iphoneos*]" = "iPhone Developer";
				COPY_PHASE_STRIP = NO;
				DEBUG_INFORMATION_FORMAT = "dwarf-with-dsym";
				ENABLE_NS_ASSERTIONS = NO;
				ENABLE_STRICT_OBJC_MSGSEND = YES;
				GCC_C_LANGUAGE_STANDARD = gnu99;
				GCC_NO_COMMON_BLOCKS = YES;
				GCC_WARN_64_TO_32_BIT_CONVERSION = YES;
				GCC_WARN_ABOUT_RETURN_TYPE = YES_ERROR;
				GCC_WARN_UNDECLARED_SELECTOR = YES;
				GCC_WARN_UNINITIALIZED_AUTOS = YES_AGGRESSIVE;
				GCC_WARN_UNUSED_FUNCTION = YES;
				GCC_WARN_UNUSED_VARIABLE = YES;
				IPHONEOS_DEPLOYMENT_TARGET = 9.2;
				MTL_ENABLE_DEBUG_INFO = NO;
				SDKROOT = iphoneos;
				VALIDATE_PRODUCT = YES;
			};
			name = Release;
		};
		5216F55D1CE1D42600EB2B85 /* Debug */ = {
			isa = XCBuildConfiguration;
			buildSettings = {
				ASSETCATALOG_COMPILER_APPICON_NAME = AppIcon;
				INFOPLIST_FILE = GooMapTest/Info.plist;
				LD_RUNPATH_SEARCH_PATHS = "$(inherited) @executable_path/Frameworks";
				PRODUCT_BUNDLE_IDENTIFIER = livesxu.GooMapTest;
				PRODUCT_NAME = "$(TARGET_NAME)";
			};
			name = Debug;
		};
		5216F55E1CE1D42600EB2B85 /* Release */ = {
			isa = XCBuildConfiguration;
			buildSettings = {
				ASSETCATALOG_COMPILER_APPICON_NAME = AppIcon;
				INFOPLIST_FILE = GooMapTest/Info.plist;
				LD_RUNPATH_SEARCH_PATHS = "$(inherited) @executable_path/Frameworks";
				PRODUCT_BUNDLE_IDENTIFIER = livesxu.GooMapTest;
				PRODUCT_NAME = "$(TARGET_NAME)";
			};
			name = Release;
		};
		5216F5601CE1D42600EB2B85 /* Debug */ = {
			isa = XCBuildConfiguration;
			buildSettings = {
				BUNDLE_LOADER = "$(TEST_HOST)";
				INFOPLIST_FILE = GooMapTestTests/Info.plist;
				LD_RUNPATH_SEARCH_PATHS = "$(inherited) @executable_path/Frameworks @loader_path/Frameworks";
				PRODUCT_BUNDLE_IDENTIFIER = livesxu.GooMapTestTests;
				PRODUCT_NAME = "$(TARGET_NAME)";
				TEST_HOST = "$(BUILT_PRODUCTS_DIR)/GooMapTest.app/GooMapTest";
			};
			name = Debug;
		};
		5216F5611CE1D42600EB2B85 /* Release */ = {
			isa = XCBuildConfiguration;
			buildSettings = {
				BUNDLE_LOADER = "$(TEST_HOST)";
				INFOPLIST_FILE = GooMapTestTests/Info.plist;
				LD_RUNPATH_SEARCH_PATHS = "$(inherited) @executable_path/Frameworks @loader_path/Frameworks";
				PRODUCT_BUNDLE_IDENTIFIER = livesxu.GooMapTestTests;
				PRODUCT_NAME = "$(TARGET_NAME)";
				TEST_HOST = "$(BUILT_PRODUCTS_DIR)/GooMapTest.app/GooMapTest";
			};
			name = Release;
		};
		5216F5631CE1D42600EB2B85 /* Debug */ = {
			isa = XCBuildConfiguration;
			buildSettings = {
				INFOPLIST_FILE = GooMapTestUITests/Info.plist;
				LD_RUNPATH_SEARCH_PATHS = "$(inherited) @executable_path/Frameworks @loader_path/Frameworks";
				PRODUCT_BUNDLE_IDENTIFIER = livesxu.GooMapTestUITests;
				PRODUCT_NAME = "$(TARGET_NAME)";
				TEST_TARGET_NAME = GooMapTest;
				USES_XCTRUNNER = YES;
			};
			name = Debug;
		};
		5216F5641CE1D42600EB2B85 /* Release */ = {
			isa = XCBuildConfiguration;
			buildSettings = {
				INFOPLIST_FILE = GooMapTestUITests/Info.plist;
				LD_RUNPATH_SEARCH_PATHS = "$(inherited) @executable_path/Frameworks @loader_path/Frameworks";
				PRODUCT_BUNDLE_IDENTIFIER = livesxu.GooMapTestUITests;
				PRODUCT_NAME = "$(TARGET_NAME)";
				TEST_TARGET_NAME = GooMapTest;
				USES_XCTRUNNER = YES;
			};
			name = Release;
		};
/* End XCBuildConfiguration section */

/* Begin XCConfigurationList section */
		5216F52A1CE1D42600EB2B85 /* Build configuration list for PBXProject "GooMapTest" */ = {
			isa = XCConfigurationList;
			buildConfigurations = (
				5216F55A1CE1D42600EB2B85 /* Debug */,
				5216F55B1CE1D42600EB2B85 /* Release */,
			);
			defaultConfigurationIsVisible = 0;
			defaultConfigurationName = Release;
		};
		5216F55C1CE1D42600EB2B85 /* Build configuration list for PBXNativeTarget "GooMapTest" */ = {
			isa = XCConfigurationList;
			buildConfigurations = (
				5216F55D1CE1D42600EB2B85 /* Debug */,
				5216F55E1CE1D42600EB2B85 /* Release */,
			);
			defaultConfigurationIsVisible = 0;
		};
		5216F55F1CE1D42600EB2B85 /* Build configuration list for PBXNativeTarget "GooMapTestTests" */ = {
			isa = XCConfigurationList;
			buildConfigurations = (
				5216F5601CE1D42600EB2B85 /* Debug */,
				5216F5611CE1D42600EB2B85 /* Release */,
			);
			defaultConfigurationIsVisible = 0;
		};
		5216F5621CE1D42600EB2B85 /* Build configuration list for PBXNativeTarget "GooMapTestUITests" */ = {
			isa = XCConfigurationList;
			buildConfigurations = (
				5216F5631CE1D42600EB2B85 /* Debug */,
				5216F5641CE1D42600EB2B85 /* Release */,
			);
			defaultConfigurationIsVisible = 0;
		};
/* End XCConfigurationList section */
	};
	rootObject = 5216F5271CE1D42600EB2B85 /* Project object */;
}
